
Microsoft Visual Studio Solution File, Format Version 12.00
# Visual Studio Version 17
VisualStudioVersion = 17.11.35222.181
MinimumVisualStudioVersion = 10.0.40219.1
Project("{FAE04EC0-301F-11D3-BF4B-00C04F79EFBC}") = "Sistema de gestion de inventario y proveedores", "Sistema de gestion de inventario y proveedores.csproj", "{063DF372-1A86-479A-8410-52194A6D51C0}"
EndProject
Global
	GlobalSection(SolutionConfigurationPlatforms) = preSolution
		Debug|Any CPU = Debug|Any CPU
		Release|Any CPU = Release|Any CPU
	EndGlobalSection
	GlobalSection(ProjectConfigurationPlatforms) = postSolution
		{063DF372-1A86-479A-8410-52194A6D51C0}.Debug|Any CPU.ActiveCfg = Debug|Any CPU
		{063DF372-1A86-479A-8410-52194A6D51C0}.Debug|Any CPU.Build.0 = Debug|Any CPU
		{063DF372-1A86-479A-8410-52194A6D51C0}.Release|Any CPU.ActiveCfg = Release|Any CPU
		{063DF372-1A86-479A-8410-52194A6D51C0}.Release|Any CPU.Build.0 = Release|Any CPU
	EndGlobalSection
	GlobalSection(SolutionProperties) = preSolution
		HideSolutionNode = FALSE
	EndGlobalSection
	GlobalSection(ExtensibilityGlobals) = postSolution
		SolutionGuid = {A87417AC-BD75-44AA-8603-F7F39762ABD8}
	EndGlobalSection
EndGlobal
